
Microsoft Visual Studio Solution File, Format Version 12.00
# Visual Studio 15
VisualStudioVersion = 15.0.28307.1913
MinimumVisualStudioVersion = 10.0.40219.1
Project("{FAE04EC0-301F-11D3-BF4B-00C04F79EFBC}") = "customerWebTests", "customerWebTests\customerWebTests.csproj", "{917C0C5F-4CA5-425B-9D10-518A6EFE2188}"
EndProject
Global
	GlobalSection(SolutionConfigurationPlatforms) = preSolution
		Debug|Any CPU = Debug|Any CPU
		Release|Any CPU = Release|Any CPU
	EndGlobalSection
	GlobalSection(ProjectConfigurationPlatforms) = postSolution
		{917C0C5F-4CA5-425B-9D10-518A6EFE2188}.Debug|Any CPU.ActiveCfg = Debug|Any CPU
		{917C0C5F-4CA5-425B-9D10-518A6EFE2188}.Debug|Any CPU.Build.0 = Debug|Any CPU
		{917C0C5F-4CA5-425B-9D10-518A6EFE2188}.Release|Any CPU.ActiveCfg = Release|Any CPU
		{917C0C5F-4CA5-425B-9D10-518A6EFE2188}.Release|Any CPU.Build.0 = Release|Any CPU
	EndGlobalSection
	GlobalSection(SolutionProperties) = preSolution
		HideSolutionNode = FALSE
	EndGlobalSection
	GlobalSection(ExtensibilityGlobals) = postSolution
		SolutionGuid = {0EB2BC14-902E-45AA-881C-F4F8602DFF82}
	EndGlobalSection
EndGlobal
